
Microsoft Visual Studio Solution File, Format Version 12.00
# Visual Studio 15
VisualStudioVersion = 15.0.27130.2036
MinimumVisualStudioVersion = 10.0.40219.1
Project("{FAE04EC0-301F-11D3-BF4B-00C04F79EFBC}") = "Basic List Usage", "Basic List Usage\Basic List Usage.csproj", "{317347CE-8E45-4C1F-8AE4-36DD708E6C28}"
EndProject
Project("{FAE04EC0-301F-11D3-BF4B-00C04F79EFBC}") = "Searching", "Searching\Searching.csproj", "{BDA00F53-E348-4CA5-B057-3CD7053943F1}"
EndProject
Project("{FAE04EC0-301F-11D3-BF4B-00C04F79EFBC}") = "SearchingForLetters", "SearchingForLetters\SearchingForLetters.csproj", "{1249D848-8678-434F-8D93-C44F61689606}"
EndProject
Global
	GlobalSection(SolutionConfigurationPlatforms) = preSolution
		Debug|Any CPU = Debug|Any CPU
		Release|Any CPU = Release|Any CPU
	EndGlobalSection
	GlobalSection(ProjectConfigurationPlatforms) = postSolution
		{317347CE-8E45-4C1F-8AE4-36DD708E6C28}.Debug|Any CPU.ActiveCfg = Debug|Any CPU
		{317347CE-8E45-4C1F-8AE4-36DD708E6C28}.Debug|Any CPU.Build.0 = Debug|Any CPU
		{317347CE-8E45-4C1F-8AE4-36DD708E6C28}.Release|Any CPU.ActiveCfg = Release|Any CPU
		{317347CE-8E45-4C1F-8AE4-36DD708E6C28}.Release|Any CPU.Build.0 = Release|Any CPU
		{BDA00F53-E348-4CA5-B057-3CD7053943F1}.Debug|Any CPU.ActiveCfg = Debug|Any CPU
		{BDA00F53-E348-4CA5-B057-3CD7053943F1}.Debug|Any CPU.Build.0 = Debug|Any CPU
		{BDA00F53-E348-4CA5-B057-3CD7053943F1}.Release|Any CPU.ActiveCfg = Release|Any CPU
		{BDA00F53-E348-4CA5-B057-3CD7053943F1}.Release|Any CPU.Build.0 = Release|Any CPU
		{1249D848-8678-434F-8D93-C44F61689606}.Debug|Any CPU.ActiveCfg = Debug|Any CPU
		{1249D848-8678-434F-8D93-C44F61689606}.Debug|Any CPU.Build.0 = Debug|Any CPU
		{1249D848-8678-434F-8D93-C44F61689606}.Release|Any CPU.ActiveCfg = Release|Any CPU
		{1249D848-8678-434F-8D93-C44F61689606}.Release|Any CPU.Build.0 = Release|Any CPU
	EndGlobalSection
	GlobalSection(SolutionProperties) = preSolution
		HideSolutionNode = FALSE
	EndGlobalSection
	GlobalSection(ExtensibilityGlobals) = postSolution
		SolutionGuid = {3525255B-3940-40E3-99FB-66E12271C45F}
	EndGlobalSection
EndGlobal
